
Microsoft Visual Studio Solution File, Format Version 12.00
# Visual Studio Version 17
VisualStudioVersion = 17.0.31903.59
MinimumVisualStudioVersion = 10.0.40219.1
Project("{FAE04EC0-301F-11D3-BF4B-00C04F79EFBC}") = "API", "API\API.csproj", "{26571098-F19A-4940-AE3D-A102B5BEBCBC}"
EndProject
Project("{FAE04EC0-301F-11D3-BF4B-00C04F79EFBC}") = "Application", "Application\Application.csproj", "{B01C87E9-EBE8-474A-AC8D-9D3D2A446EA9}"
EndProject
Project("{FAE04EC0-301F-11D3-BF4B-00C04F79EFBC}") = "Domain", "Domain\Domain.csproj", "{BC4B6635-BF63-4E84-A531-777247FABAC9}"
EndProject
Project("{FAE04EC0-301F-11D3-BF4B-00C04F79EFBC}") = "Persistence", "Persistence\Persistence.csproj", "{093FFA27-37A8-415D-BFF8-9CDD9023400F}"
EndProject
Project("{FAE04EC0-301F-11D3-BF4B-00C04F79EFBC}") = "Infrastructure", "Infrastructure\Infrastructure.csproj", "{CEAE289E-8D4A-475D-A8A2-DBA91AE9174B}"
EndProject
Global
	GlobalSection(SolutionConfigurationPlatforms) = preSolution
		Debug|Any CPU = Debug|Any CPU
		Release|Any CPU = Release|Any CPU
	EndGlobalSection
	GlobalSection(SolutionProperties) = preSolution
		HideSolutionNode = FALSE
	EndGlobalSection
	GlobalSection(ProjectConfigurationPlatforms) = postSolution
		{26571098-F19A-4940-AE3D-A102B5BEBCBC}.Debug|Any CPU.ActiveCfg = Debug|Any CPU
		{26571098-F19A-4940-AE3D-A102B5BEBCBC}.Debug|Any CPU.Build.0 = Debug|Any CPU
		{26571098-F19A-4940-AE3D-A102B5BEBCBC}.Release|Any CPU.ActiveCfg = Release|Any CPU
		{26571098-F19A-4940-AE3D-A102B5BEBCBC}.Release|Any CPU.Build.0 = Release|Any CPU
		{B01C87E9-EBE8-474A-AC8D-9D3D2A446EA9}.Debug|Any CPU.ActiveCfg = Debug|Any CPU
		{B01C87E9-EBE8-474A-AC8D-9D3D2A446EA9}.Debug|Any CPU.Build.0 = Debug|Any CPU
		{B01C87E9-EBE8-474A-AC8D-9D3D2A446EA9}.Release|Any CPU.ActiveCfg = Release|Any CPU
		{B01C87E9-EBE8-474A-AC8D-9D3D2A446EA9}.Release|Any CPU.Build.0 = Release|Any CPU
		{BC4B6635-BF63-4E84-A531-777247FABAC9}.Debug|Any CPU.ActiveCfg = Debug|Any CPU
		{BC4B6635-BF63-4E84-A531-777247FABAC9}.Debug|Any CPU.Build.0 = Debug|Any CPU
		{BC4B6635-BF63-4E84-A531-777247FABAC9}.Release|Any CPU.ActiveCfg = Release|Any CPU
		{BC4B6635-BF63-4E84-A531-777247FABAC9}.Release|Any CPU.Build.0 = Release|Any CPU
		{093FFA27-37A8-415D-BFF8-9CDD9023400F}.Debug|Any CPU.ActiveCfg = Debug|Any CPU
		{093FFA27-37A8-415D-BFF8-9CDD9023400F}.Debug|Any CPU.Build.0 = Debug|Any CPU
		{093FFA27-37A8-415D-BFF8-9CDD9023400F}.Release|Any CPU.ActiveCfg = Release|Any CPU
		{093FFA27-37A8-415D-BFF8-9CDD9023400F}.Release|Any CPU.Build.0 = Release|Any CPU
		{CEAE289E-8D4A-475D-A8A2-DBA91AE9174B}.Debug|Any CPU.ActiveCfg = Debug|Any CPU
		{CEAE289E-8D4A-475D-A8A2-DBA91AE9174B}.Debug|Any CPU.Build.0 = Debug|Any CPU
		{CEAE289E-8D4A-475D-A8A2-DBA91AE9174B}.Release|Any CPU.ActiveCfg = Release|Any CPU
		{CEAE289E-8D4A-475D-A8A2-DBA91AE9174B}.Release|Any CPU.Build.0 = Release|Any CPU
	EndGlobalSection
EndGlobal
